
Microsoft Visual Studio Solution File, Format Version 12.00
# Visual Studio Version 16
VisualStudioVersion = 16.0.31729.503
MinimumVisualStudioVersion = 10.0.40219.1
Project("{FAE04EC0-301F-11D3-BF4B-00C04F79EFBC}") = "ShegerShop", "ShegerShop\ShegerShop.csproj", "{EB84C1F9-5405-475F-AEFB-856FD79A13D9}"
EndProject
Global
	GlobalSection(SolutionConfigurationPlatforms) = preSolution
		Debug|Any CPU = Debug|Any CPU
		Release|Any CPU = Release|Any CPU
	EndGlobalSection
	GlobalSection(ProjectConfigurationPlatforms) = postSolution
		{EB84C1F9-5405-475F-AEFB-856FD79A13D9}.Debug|Any CPU.ActiveCfg = Debug|Any CPU
		{EB84C1F9-5405-475F-AEFB-856FD79A13D9}.Debug|Any CPU.Build.0 = Debug|Any CPU
		{EB84C1F9-5405-475F-AEFB-856FD79A13D9}.Release|Any CPU.ActiveCfg = Release|Any CPU
		{EB84C1F9-5405-475F-AEFB-856FD79A13D9}.Release|Any CPU.Build.0 = Release|Any CPU
	EndGlobalSection
	GlobalSection(SolutionProperties) = preSolution
		HideSolutionNode = FALSE
	EndGlobalSection
	GlobalSection(ExtensibilityGlobals) = postSolution
		SolutionGuid = {7A0300DE-D920-4EF9-8A2A-6B7A2222E7C6}
	EndGlobalSection
EndGlobal
